Microsoft Visual Studio Solution File, Format Version 12.00
# Visual Studio Version 17
VisualStudioVersion = 17.5.2.0
MinimumVisualStudioVersion = 10.0.40219.1
Project("{FAE04EC0-301F-11D3-BF4B-00C04F79EFBC}") = "unidoc", "unidoc\unidoc.csproj", "{C93BD001-8FA0-B725-1C64-345E9CC23CB7}"
EndProject
Global
	GlobalSection(SolutionConfigurationPlatforms) = preSolution
		Debug|Any CPU = Debug|Any CPU
		Release|Any CPU = Release|Any CPU
	EndGlobalSection
	GlobalSection(ProjectConfigurationPlatforms) = postSolution
		{C93BD001-8FA0-B725-1C64-345E9CC23CB7}.Debug|Any CPU.ActiveCfg = Debug|Any CPU
		{C93BD001-8FA0-B725-1C64-345E9CC23CB7}.Debug|Any CPU.Build.0 = Debug|Any CPU
		{C93BD001-8FA0-B725-1C64-345E9CC23CB7}.Release|Any CPU.ActiveCfg = Release|Any CPU
		{C93BD001-8FA0-B725-1C64-345E9CC23CB7}.Release|Any CPU.Build.0 = Release|Any CPU
	EndGlobalSection
	GlobalSection(SolutionProperties) = preSolution
		HideSolutionNode = FALSE
	EndGlobalSection
	GlobalSection(ExtensibilityGlobals) = postSolution
		SolutionGuid = {7C883F0A-4BFC-49F0-85E3-D14B6C3CD840}
	EndGlobalSection
EndGlobal
